
Microsoft Visual Studio Solution File, Format Version 12.00
# Visual Studio Version 17
VisualStudioVersion = 17.5.33516.290
MinimumVisualStudioVersion = 10.0.40219.1
Project("{FAE04EC0-301F-11D3-BF4B-00C04F79EFBC}") = "TravelGroupExpenses", "TravelGroupExpenses.csproj", "{71FF87A4-0B58-49D5-AC07-DF77C79CCF7B}"
EndProject
Global
	GlobalSection(SolutionConfigurationPlatforms) = preSolution
		Debug|Any CPU = Debug|Any CPU
		Release|Any CPU = Release|Any CPU
	EndGlobalSection
	GlobalSection(ProjectConfigurationPlatforms) = postSolution
		{71FF87A4-0B58-49D5-AC07-DF77C79CCF7B}.Debug|Any CPU.ActiveCfg = Debug|Any CPU
		{71FF87A4-0B58-49D5-AC07-DF77C79CCF7B}.Debug|Any CPU.Build.0 = Debug|Any CPU
		{71FF87A4-0B58-49D5-AC07-DF77C79CCF7B}.Release|Any CPU.ActiveCfg = Release|Any CPU
		{71FF87A4-0B58-49D5-AC07-DF77C79CCF7B}.Release|Any CPU.Build.0 = Release|Any CPU
	EndGlobalSection
	GlobalSection(SolutionProperties) = preSolution
		HideSolutionNode = FALSE
	EndGlobalSection
	GlobalSection(ExtensibilityGlobals) = postSolution
		SolutionGuid = {8D3CB8D8-C0D6-48EA-8E04-E66657205EFA}
	EndGlobalSection
EndGlobal
